
Microsoft Visual Studio Solution File, Format Version 12.00
# Visual Studio Version 17
VisualStudioVersion = 17.3.32922.545
MinimumVisualStudioVersion = 10.0.40219.1
Project("{FAE04EC0-301F-11D3-BF4B-00C04F79EFBC}") = "contaBancaria", "contaBancaria\contaBancaria.csproj", "{F991F27A-CF06-4C24-BDC2-4219B9144F75}"
EndProject
Global
	GlobalSection(SolutionConfigurationPlatforms) = preSolution
		Debug|Any CPU = Debug|Any CPU
		Release|Any CPU = Release|Any CPU
	EndGlobalSection
	GlobalSection(ProjectConfigurationPlatforms) = postSolution
		{F991F27A-CF06-4C24-BDC2-4219B9144F75}.Debug|Any CPU.ActiveCfg = Debug|Any CPU
		{F991F27A-CF06-4C24-BDC2-4219B9144F75}.Debug|Any CPU.Build.0 = Debug|Any CPU
		{F991F27A-CF06-4C24-BDC2-4219B9144F75}.Release|Any CPU.ActiveCfg = Release|Any CPU
		{F991F27A-CF06-4C24-BDC2-4219B9144F75}.Release|Any CPU.Build.0 = Release|Any CPU
	EndGlobalSection
	GlobalSection(SolutionProperties) = preSolution
		HideSolutionNode = FALSE
	EndGlobalSection
	GlobalSection(ExtensibilityGlobals) = postSolution
		SolutionGuid = {B6CCA211-544D-42AD-A022-55D5425D114E}
	EndGlobalSection
EndGlobal
